
Microsoft Visual Studio Solution File, Format Version 12.00
# Visual Studio Version 17
VisualStudioVersion = 17.6.33829.357
MinimumVisualStudioVersion = 10.0.40219.1
Project("{9A19103F-16F7-4668-BE54-9A1E7A4F7556}") = "DcBot.Core", "DcBot.Core\DcBot.Core.csproj", "{DCF9C930-66A5-4305-8411-14FC33F1618E}"
EndProject
Project("{9A19103F-16F7-4668-BE54-9A1E7A4F7556}") = "DcBot.Service", "DcBot.Service\DcBot.Service.csproj", "{4D23AC47-8A14-4075-9B07-1BDDA8DD67ED}"
EndProject
Project("{9A19103F-16F7-4668-BE54-9A1E7A4F7556}") = "DcBot.Data", "DcBot.Data\DcBot.Data.csproj", "{3E12D176-E8C9-4F26-B9D7-35B0E7E296A1}"
EndProject
Project("{9A19103F-16F7-4668-BE54-9A1E7A4F7556}") = "DcBot.Common", "DcBot.Common\DcBot.Common.csproj", "{4A7D0980-3307-46A6-9A94-F17A4A076927}"
EndProject
Project("{9A19103F-16F7-4668-BE54-9A1E7A4F7556}") = "DcBot.GeoBot", "DcBot.GeoBot\DcBot.GeoBot.csproj", "{54879FFE-A7D4-4CD8-9A33-14E265AC4512}"
EndProject
Project("{9A19103F-16F7-4668-BE54-9A1E7A4F7556}") = "DcBot.GeoShip", "DcBot.GeoShip\DcBot.GeoShip.csproj", "{88D2CDD2-1CFF-4C33-921E-355DED7DACCF}"
EndProject
Project("{FAE04EC0-301F-11D3-BF4B-00C04F79EFBC}") = "DcBot.GeoRGuard", "DcBot.GeoRGuard\DcBot.GeoRGuard.csproj", "{182AC3B7-A124-4668-AFF8-AA34BB05678A}"
EndProject
Project("{FAE04EC0-301F-11D3-BF4B-00C04F79EFBC}") = "DcBot.GeoUGuard", "DcBot.GeoUGuard\DcBot.GeoUGuard.csproj", "{35FF5AFA-D9A2-4177-9EF6-CC773D254AEB}"
EndProject
Project("{FAE04EC0-301F-11D3-BF4B-00C04F79EFBC}") = "DcBot.GeoCGuard", "DcBot.GeoCGuard\DcBot.GeoCGuard.csproj", "{6D0F6798-B482-40F5-A6B0-F48AB1B19884}"
EndProject
Project("{FAE04EC0-301F-11D3-BF4B-00C04F79EFBC}") = "DcBot.GeoMo", "DcBot.GeoMo\DcBot.GeoMo.csproj", "{3EBF0562-DF2A-4516-9E84-6AB332F04FF2}"
EndProject
Global
	GlobalSection(SolutionConfigurationPlatforms) = preSolution
		Debug|Any CPU = Debug|Any CPU
		Release|Any CPU = Release|Any CPU
	EndGlobalSection
	GlobalSection(ProjectConfigurationPlatforms) = postSolution
		{DCF9C930-66A5-4305-8411-14FC33F1618E}.Debug|Any CPU.ActiveCfg = Debug|Any CPU
		{DCF9C930-66A5-4305-8411-14FC33F1618E}.Debug|Any CPU.Build.0 = Debug|Any CPU
		{DCF9C930-66A5-4305-8411-14FC33F1618E}.Release|Any CPU.ActiveCfg = Release|Any CPU
		{DCF9C930-66A5-4305-8411-14FC33F1618E}.Release|Any CPU.Build.0 = Release|Any CPU
		{4D23AC47-8A14-4075-9B07-1BDDA8DD67ED}.Debug|Any CPU.ActiveCfg = Debug|Any CPU
		{4D23AC47-8A14-4075-9B07-1BDDA8DD67ED}.Debug|Any CPU.Build.0 = Debug|Any CPU
		{4D23AC47-8A14-4075-9B07-1BDDA8DD67ED}.Release|Any CPU.ActiveCfg = Release|Any CPU
		{4D23AC47-8A14-4075-9B07-1BDDA8DD67ED}.Release|Any CPU.Build.0 = Release|Any CPU
		{3E12D176-E8C9-4F26-B9D7-35B0E7E296A1}.Debug|Any CPU.ActiveCfg = Debug|Any CPU
		{3E12D176-E8C9-4F26-B9D7-35B0E7E296A1}.Debug|Any CPU.Build.0 = Debug|Any CPU
		{3E12D176-E8C9-4F26-B9D7-35B0E7E296A1}.Release|Any CPU.ActiveCfg = Release|Any CPU
		{3E12D176-E8C9-4F26-B9D7-35B0E7E296A1}.Release|Any CPU.Build.0 = Release|Any CPU
		{4A7D0980-3307-46A6-9A94-F17A4A076927}.Debug|Any CPU.ActiveCfg = Debug|Any CPU
		{4A7D0980-3307-46A6-9A94-F17A4A076927}.Debug|Any CPU.Build.0 = Debug|Any CPU
		{4A7D0980-3307-46A6-9A94-F17A4A076927}.Release|Any CPU.ActiveCfg = Release|Any CPU
		{4A7D0980-3307-46A6-9A94-F17A4A076927}.Release|Any CPU.Build.0 = Release|Any CPU
		{54879FFE-A7D4-4CD8-9A33-14E265AC4512}.Debug|Any CPU.ActiveCfg = Debug|Any CPU
		{54879FFE-A7D4-4CD8-9A33-14E265AC4512}.Debug|Any CPU.Build.0 = Debug|Any CPU
		{54879FFE-A7D4-4CD8-9A33-14E265AC4512}.Release|Any CPU.ActiveCfg = Release|Any CPU
		{54879FFE-A7D4-4CD8-9A33-14E265AC4512}.Release|Any CPU.Build.0 = Release|Any CPU
		{88D2CDD2-1CFF-4C33-921E-355DED7DACCF}.Debug|Any CPU.ActiveCfg = Debug|Any CPU
		{88D2CDD2-1CFF-4C33-921E-355DED7DACCF}.Debug|Any CPU.Build.0 = Debug|Any CPU
		{88D2CDD2-1CFF-4C33-921E-355DED7DACCF}.Release|Any CPU.ActiveCfg = Release|Any CPU
		{88D2CDD2-1CFF-4C33-921E-355DED7DACCF}.Release|Any CPU.Build.0 = Release|Any CPU
		{182AC3B7-A124-4668-AFF8-AA34BB05678A}.Debug|Any CPU.ActiveCfg = Debug|Any CPU
		{182AC3B7-A124-4668-AFF8-AA34BB05678A}.Debug|Any CPU.Build.0 = Debug|Any CPU
		{182AC3B7-A124-4668-AFF8-AA34BB05678A}.Release|Any CPU.ActiveCfg = Release|Any CPU
		{182AC3B7-A124-4668-AFF8-AA34BB05678A}.Release|Any CPU.Build.0 = Release|Any CPU
		{35FF5AFA-D9A2-4177-9EF6-CC773D254AEB}.Debug|Any CPU.ActiveCfg = Debug|Any CPU
		{35FF5AFA-D9A2-4177-9EF6-CC773D254AEB}.Debug|Any CPU.Build.0 = Debug|Any CPU
		{35FF5AFA-D9A2-4177-9EF6-CC773D254AEB}.Release|Any CPU.ActiveCfg = Release|Any CPU
		{35FF5AFA-D9A2-4177-9EF6-CC773D254AEB}.Release|Any CPU.Build.0 = Release|Any CPU
		{6D0F6798-B482-40F5-A6B0-F48AB1B19884}.Debug|Any CPU.ActiveCfg = Debug|Any CPU
		{6D0F6798-B482-40F5-A6B0-F48AB1B19884}.Debug|Any CPU.Build.0 = Debug|Any CPU
		{6D0F6798-B482-40F5-A6B0-F48AB1B19884}.Release|Any CPU.ActiveCfg = Release|Any CPU
		{6D0F6798-B482-40F5-A6B0-F48AB1B19884}.Release|Any CPU.Build.0 = Release|Any CPU
		{3EBF0562-DF2A-4516-9E84-6AB332F04FF2}.Debug|Any CPU.ActiveCfg = Debug|Any CPU
		{3EBF0562-DF2A-4516-9E84-6AB332F04FF2}.Debug|Any CPU.Build.0 = Debug|Any CPU
		{3EBF0562-DF2A-4516-9E84-6AB332F04FF2}.Release|Any CPU.ActiveCfg = Release|Any CPU
		{3EBF0562-DF2A-4516-9E84-6AB332F04FF2}.Release|Any CPU.Build.0 = Release|Any CPU
	EndGlobalSection
	GlobalSection(SolutionProperties) = preSolution
		HideSolutionNode = FALSE
	EndGlobalSection
	GlobalSection(ExtensibilityGlobals) = postSolution
		SolutionGuid = {EFE7429B-6CEC-46A0-9BF3-08D67E2823AC}
	EndGlobalSection
EndGlobal
